
Microsoft Visual Studio Solution File, Format Version 12.00
# Visual Studio Version 17
VisualStudioVersion = 17.10.35027.167
MinimumVisualStudioVersion = 10.0.40219.1
Project("{FAE04EC0-301F-11D3-BF4B-00C04F79EFBC}") = "Minecraft", "Minecraft\Minecraft.csproj", "{6891153D-C92C-4B93-A132-E65E4862630F}"
EndProject
Global
	GlobalSection(SolutionConfigurationPlatforms) = preSolution
		Debug|Any CPU = Debug|Any CPU
		Release|Any CPU = Release|Any CPU
	EndGlobalSection
	GlobalSection(ProjectConfigurationPlatforms) = postSolution
		{6891153D-C92C-4B93-A132-E65E4862630F}.Debug|Any CPU.ActiveCfg = Debug|Any CPU
		{6891153D-C92C-4B93-A132-E65E4862630F}.Debug|Any CPU.Build.0 = Debug|Any CPU
		{6891153D-C92C-4B93-A132-E65E4862630F}.Release|Any CPU.ActiveCfg = Release|Any CPU
		{6891153D-C92C-4B93-A132-E65E4862630F}.Release|Any CPU.Build.0 = Release|Any CPU
	EndGlobalSection
	GlobalSection(SolutionProperties) = preSolution
		HideSolutionNode = FALSE
	EndGlobalSection
	GlobalSection(ExtensibilityGlobals) = postSolution
		SolutionGuid = {6466ED19-F02E-4B08-9981-E2F0295F9D0A}
	EndGlobalSection
EndGlobal
